
Microsoft Visual Studio Solution File, Format Version 12.00
# Visual Studio Version 16
VisualStudioVersion = 16.0.30804.86
MinimumVisualStudioVersion = 10.0.40219.1
Project("{FAE04EC0-301F-11D3-BF4B-00C04F79EFBC}") = "ConnectionStatus", "ConnectionStatus\ConnectionStatus.csproj", "{82524478-FD7A-4898-B46C-7DEA3059B377}"
EndProject
Project("{FAE04EC0-301F-11D3-BF4B-00C04F79EFBC}") = "Demo", "Demo\Demo.csproj", "{672A62A5-9F8E-457A-9EF0-9C7E8DA6D79A}"
EndProject
Global
	GlobalSection(SolutionConfigurationPlatforms) = preSolution
		Debug|Any CPU = Debug|Any CPU
		Release|Any CPU = Release|Any CPU
	EndGlobalSection
	GlobalSection(ProjectConfigurationPlatforms) = postSolution
		{82524478-FD7A-4898-B46C-7DEA3059B377}.Debug|Any CPU.ActiveCfg = Debug|Any CPU
		{82524478-FD7A-4898-B46C-7DEA3059B377}.Debug|Any CPU.Build.0 = Debug|Any CPU
		{82524478-FD7A-4898-B46C-7DEA3059B377}.Release|Any CPU.ActiveCfg = Release|Any CPU
		{82524478-FD7A-4898-B46C-7DEA3059B377}.Release|Any CPU.Build.0 = Release|Any CPU
		{672A62A5-9F8E-457A-9EF0-9C7E8DA6D79A}.Debug|Any CPU.ActiveCfg = Debug|Any CPU
		{672A62A5-9F8E-457A-9EF0-9C7E8DA6D79A}.Debug|Any CPU.Build.0 = Debug|Any CPU
		{672A62A5-9F8E-457A-9EF0-9C7E8DA6D79A}.Release|Any CPU.ActiveCfg = Release|Any CPU
		{672A62A5-9F8E-457A-9EF0-9C7E8DA6D79A}.Release|Any CPU.Build.0 = Release|Any CPU
	EndGlobalSection
	GlobalSection(SolutionProperties) = preSolution
		HideSolutionNode = FALSE
	EndGlobalSection
	GlobalSection(ExtensibilityGlobals) = postSolution
		SolutionGuid = {4EF09B8D-0916-4647-8075-B11E1E4B6626}
	EndGlobalSection
EndGlobal
